
Microsoft Visual Studio Solution File, Format Version 12.00
# Visual Studio 15
VisualStudioVersion = 15.0.28010.2046
MinimumVisualStudioVersion = 10.0.40219.1
Project("{8BC9CEB8-8B4A-11D0-8D11-00A0C91BC942}") = "PP09.Inheritance", "PP09.Inheritance.vcxproj", "{13CC4DD6-D09E-425E-A07F-1C57BFC11480}"
EndProject
Project("{8BC9CEB8-8B4A-11D0-8D11-00A0C91BC942}") = "PP10.Polymorphism", "..\PP10.Polymorphism\PP10.Polymorphism.vcxproj", "{4EE85F99-A5FF-42BC-8DF1-5521553B0E0C}"
EndProject
Global
	GlobalSection(SolutionConfigurationPlatforms) = preSolution
		Debug|x64 = Debug|x64
		Debug|x86 = Debug|x86
		Release|x64 = Release|x64
		Release|x86 = Release|x86
	EndGlobalSection
	GlobalSection(ProjectConfigurationPlatforms) = postSolution
		{13CC4DD6-D09E-425E-A07F-1C57BFC11480}.Debug|x64.ActiveCfg = Debug|x64
		{13CC4DD6-D09E-425E-A07F-1C57BFC11480}.Debug|x64.Build.0 = Debug|x64
		{13CC4DD6-D09E-425E-A07F-1C57BFC11480}.Debug|x86.ActiveCfg = Debug|Win32
		{13CC4DD6-D09E-425E-A07F-1C57BFC11480}.Debug|x86.Build.0 = Debug|Win32
		{13CC4DD6-D09E-425E-A07F-1C57BFC11480}.Release|x64.ActiveCfg = Release|x64
		{13CC4DD6-D09E-425E-A07F-1C57BFC11480}.Release|x64.Build.0 = Release|x64
		{13CC4DD6-D09E-425E-A07F-1C57BFC11480}.Release|x86.ActiveCfg = Release|Win32
		{13CC4DD6-D09E-425E-A07F-1C57BFC11480}.Release|x86.Build.0 = Release|Win32
		{4EE85F99-A5FF-42BC-8DF1-5521553B0E0C}.Debug|x64.ActiveCfg = Debug|x64
		{4EE85F99-A5FF-42BC-8DF1-5521553B0E0C}.Debug|x64.Build.0 = Debug|x64
		{4EE85F99-A5FF-42BC-8DF1-5521553B0E0C}.Debug|x86.ActiveCfg = Debug|Win32
		{4EE85F99-A5FF-42BC-8DF1-5521553B0E0C}.Debug|x86.Build.0 = Debug|Win32
		{4EE85F99-A5FF-42BC-8DF1-5521553B0E0C}.Release|x64.ActiveCfg = Release|x64
		{4EE85F99-A5FF-42BC-8DF1-5521553B0E0C}.Release|x64.Build.0 = Release|x64
		{4EE85F99-A5FF-42BC-8DF1-5521553B0E0C}.Release|x86.ActiveCfg = Release|Win32
		{4EE85F99-A5FF-42BC-8DF1-5521553B0E0C}.Release|x86.Build.0 = Release|Win32
	EndGlobalSection
	GlobalSection(SolutionProperties) = preSolution
		HideSolutionNode = FALSE
	EndGlobalSection
	GlobalSection(ExtensibilityGlobals) = postSolution
		SolutionGuid = {1F83C2F2-0D45-4B90-9F8E-F2F68D36E6D7}
	EndGlobalSection
EndGlobal
